
Microsoft Visual Studio Solution File, Format Version 12.00
# Visual Studio Version 16
VisualStudioVersion = 16.0.31702.278
MinimumVisualStudioVersion = 10.0.40219.1
Project("{FAE04EC0-301F-11D3-BF4B-00C04F79EFBC}") = "WpfApp5", "WpfApp5.csproj", "{C80B83B6-9136-44CD-AE07-123966EDBDC2}"
EndProject
Global
	GlobalSection(SolutionConfigurationPlatforms) = preSolution
		Debug|Any CPU = Debug|Any CPU
		Release|Any CPU = Release|Any CPU
	EndGlobalSection
	GlobalSection(ProjectConfigurationPlatforms) = postSolution
		{C80B83B6-9136-44CD-AE07-123966EDBDC2}.Debug|Any CPU.ActiveCfg = Debug|Any CPU
		{C80B83B6-9136-44CD-AE07-123966EDBDC2}.Debug|Any CPU.Build.0 = Debug|Any CPU
		{C80B83B6-9136-44CD-AE07-123966EDBDC2}.Release|Any CPU.ActiveCfg = Release|Any CPU
		{C80B83B6-9136-44CD-AE07-123966EDBDC2}.Release|Any CPU.Build.0 = Release|Any CPU
	EndGlobalSection
	GlobalSection(SolutionProperties) = preSolution
		HideSolutionNode = FALSE
	EndGlobalSection
	GlobalSection(ExtensibilityGlobals) = postSolution
		SolutionGuid = {0898ADAB-1B21-4B97-98E6-F1E416FDBF55}
	EndGlobalSection
EndGlobal
